# THIS IS AN AUTOGENERATED FILE. DO NOT EDIT THIS FILE DIRECTLY.
# yarn lockfile v1


"@carchy/jtlib@^1.0.1":
  version "1.0.1"
  resolved "https://registry.yarnpkg.com/@carchy/jtlib/-/jtlib-1.0.1.tgz#b7b8d85a5bba107fbe2e6df0ff42a67c6ae2e839"
  integrity sha512-seDUnEMB2wkd1xvYys60zsmBbW6seCynCynXWXMvsK5llAPauIlRhW/G5enF13NefDEGSgEZFFWs0vt7jY/pZQ==
  dependencies:
    typescript "^3.8.3"

typescript@^3.8.3:
  version "3.8.3"
  resolved "https://registry.yarnpkg.com/typescript/-/typescript-3.8.3.tgz#409eb8544ea0335711205869ec458ab109ee1061"
  integrity sha512-MYlEfn5VrLNsgudQTVJeNaQFUAI7DkhnOjdpAp4T+ku1TfQClewlbSuTVHiA+8skNBgaf02TL/kLOvig4y3G8w==
